
Microsoft Visual Studio Solution File, Format Version 12.00
# Visual Studio Version 16
VisualStudioVersion = 16.0.31729.503
MinimumVisualStudioVersion = 10.0.40219.1
Project("{FAE04EC0-301F-11D3-BF4B-00C04F79EFBC}") = "Module8_Unit6_Task1", "Module8_Unit6_Task1\Module8_Unit6_Task1.csproj", "{D76511E3-A688-4B69-953F-91B99AF6F515}"
EndProject
Global
	GlobalSection(SolutionConfigurationPlatforms) = preSolution
		Debug|Any CPU = Debug|Any CPU
		Release|Any CPU = Release|Any CPU
	EndGlobalSection
	GlobalSection(ProjectConfigurationPlatforms) = postSolution
		{D76511E3-A688-4B69-953F-91B99AF6F515}.Debug|Any CPU.ActiveCfg = Debug|Any CPU
		{D76511E3-A688-4B69-953F-91B99AF6F515}.Debug|Any CPU.Build.0 = Debug|Any CPU
		{D76511E3-A688-4B69-953F-91B99AF6F515}.Release|Any CPU.ActiveCfg = Release|Any CPU
		{D76511E3-A688-4B69-953F-91B99AF6F515}.Release|Any CPU.Build.0 = Release|Any CPU
	EndGlobalSection
	GlobalSection(SolutionProperties) = preSolution
		HideSolutionNode = FALSE
	EndGlobalSection
	GlobalSection(ExtensibilityGlobals) = postSolution
		SolutionGuid = {71318986-3D05-4E76-B58B-17B77155E23A}
	EndGlobalSection
EndGlobal
